
Microsoft Visual Studio Solution File, Format Version 12.00
# Visual Studio Version 17
VisualStudioVersion = 17.10.35013.160
MinimumVisualStudioVersion = 10.0.40219.1
Project("{8BC9CEB8-8B4A-11D0-8D11-00A0C91BC942}") = "PNG_TO_BMP", "PNG_TO_BMP.vcxproj", "{E38B0C58-75FC-4CC7-A5B8-ECCF958663EE}"
EndProject
Global
	GlobalSection(SolutionConfigurationPlatforms) = preSolution
		Debug|x64 = Debug|x64
		Debug|x86 = Debug|x86
		Release|x64 = Release|x64
		Release|x86 = Release|x86
	EndGlobalSection
	GlobalSection(ProjectConfigurationPlatforms) = postSolution
		{E38B0C58-75FC-4CC7-A5B8-ECCF958663EE}.Debug|x64.ActiveCfg = Debug|x64
		{E38B0C58-75FC-4CC7-A5B8-ECCF958663EE}.Debug|x64.Build.0 = Debug|x64
		{E38B0C58-75FC-4CC7-A5B8-ECCF958663EE}.Debug|x86.ActiveCfg = Debug|Win32
		{E38B0C58-75FC-4CC7-A5B8-ECCF958663EE}.Debug|x86.Build.0 = Debug|Win32
		{E38B0C58-75FC-4CC7-A5B8-ECCF958663EE}.Release|x64.ActiveCfg = Release|x64
		{E38B0C58-75FC-4CC7-A5B8-ECCF958663EE}.Release|x64.Build.0 = Release|x64
		{E38B0C58-75FC-4CC7-A5B8-ECCF958663EE}.Release|x86.ActiveCfg = Release|Win32
		{E38B0C58-75FC-4CC7-A5B8-ECCF958663EE}.Release|x86.Build.0 = Release|Win32
	EndGlobalSection
	GlobalSection(SolutionProperties) = preSolution
		HideSolutionNode = FALSE
	EndGlobalSection
	GlobalSection(ExtensibilityGlobals) = postSolution
		SolutionGuid = {B0CA0FEA-E03D-4FA8-840B-5272F588129A}
	EndGlobalSection
EndGlobal
